
Microsoft Visual Studio Solution File, Format Version 12.00
# Visual Studio Version 17
VisualStudioVersion = 17.0.31903.59
MinimumVisualStudioVersion = 10.0.40219.1
Project("{2150E333-8FDC-42A3-9474-1A3956D46DE8}") = "src", "src", "{827E0CD3-B72D-47B6-A68D-7590B98EB39B}"
EndProject
Project("{FAE04EC0-301F-11D3-BF4B-00C04F79EFBC}") = "SatelliteTracker.API", "src\SatelliteTracker.API\SatelliteTracker.API.csproj", "{F3778F7A-BC1E-4CEC-A0AC-8C154D8FF91B}"
EndProject
Project("{FAE04EC0-301F-11D3-BF4B-00C04F79EFBC}") = "SatelliteTracker.Database", "src\SatelliteTracker.Database\SatelliteTracker.Database.csproj", "{23F0FC21-2A75-4B7B-B523-F166C92DA741}"
EndProject
Project("{FAE04EC0-301F-11D3-BF4B-00C04F79EFBC}") = "SatelliteTracker.TLEService", "src\SatelliteTracker.TLEService\SatelliteTracker.TLEService.csproj", "{0CEF8796-ABBE-4DD0-AC5B-AB75D5755D10}"
EndProject
Project("{FAE04EC0-301F-11D3-BF4B-00C04F79EFBC}") = "SatelliteTracker.PassService", "src\SatelliteTracker.PassService\SatelliteTracker.PassService.csproj", "{5FE34120-2982-4DDB-91D2-C841FFF80B58}"
EndProject
Project("{FAE04EC0-301F-11D3-BF4B-00C04F79EFBC}") = "SatelliteTracker.OutlookService", "src\SatelliteTracker.OutlookService\SatelliteTracker.OutlookService.csproj", "{F3319043-20F4-48E4-853C-CA9922AD6DEF}"
EndProject
Project("{FAE04EC0-301F-11D3-BF4B-00C04F79EFBC}") = "SatelliteTracker.Tests", "src\SatelliteTracker.Tests\SatelliteTracker.Tests.csproj", "{B99CC73A-4D46-423B-8328-3DFBB7DF76EC}"
EndProject
Global
	GlobalSection(SolutionConfigurationPlatforms) = preSolution
		Debug|Any CPU = Debug|Any CPU
		Debug|x64 = Debug|x64
		Debug|x86 = Debug|x86
		Release|Any CPU = Release|Any CPU
		Release|x64 = Release|x64
		Release|x86 = Release|x86
	EndGlobalSection
	GlobalSection(ProjectConfigurationPlatforms) = postSolution
		{F3778F7A-BC1E-4CEC-A0AC-8C154D8FF91B}.Debug|Any CPU.ActiveCfg = Debug|Any CPU
		{F3778F7A-BC1E-4CEC-A0AC-8C154D8FF91B}.Debug|Any CPU.Build.0 = Debug|Any CPU
		{F3778F7A-BC1E-4CEC-A0AC-8C154D8FF91B}.Debug|x64.ActiveCfg = Debug|Any CPU
		{F3778F7A-BC1E-4CEC-A0AC-8C154D8FF91B}.Debug|x64.Build.0 = Debug|Any CPU
		{F3778F7A-BC1E-4CEC-A0AC-8C154D8FF91B}.Debug|x86.ActiveCfg = Debug|Any CPU
		{F3778F7A-BC1E-4CEC-A0AC-8C154D8FF91B}.Debug|x86.Build.0 = Debug|Any CPU
		{F3778F7A-BC1E-4CEC-A0AC-8C154D8FF91B}.Release|Any CPU.ActiveCfg = Release|Any CPU
		{F3778F7A-BC1E-4CEC-A0AC-8C154D8FF91B}.Release|Any CPU.Build.0 = Release|Any CPU
		{F3778F7A-BC1E-4CEC-A0AC-8C154D8FF91B}.Release|x64.ActiveCfg = Release|Any CPU
		{F3778F7A-BC1E-4CEC-A0AC-8C154D8FF91B}.Release|x64.Build.0 = Release|Any CPU
		{F3778F7A-BC1E-4CEC-A0AC-8C154D8FF91B}.Release|x86.ActiveCfg = Release|Any CPU
		{F3778F7A-BC1E-4CEC-A0AC-8C154D8FF91B}.Release|x86.Build.0 = Release|Any CPU
		{23F0FC21-2A75-4B7B-B523-F166C92DA741}.Debug|Any CPU.ActiveCfg = Debug|Any CPU
		{23F0FC21-2A75-4B7B-B523-F166C92DA741}.Debug|Any CPU.Build.0 = Debug|Any CPU
		{23F0FC21-2A75-4B7B-B523-F166C92DA741}.Debug|x64.ActiveCfg = Debug|Any CPU
		{23F0FC21-2A75-4B7B-B523-F166C92DA741}.Debug|x64.Build.0 = Debug|Any CPU
		{23F0FC21-2A75-4B7B-B523-F166C92DA741}.Debug|x86.ActiveCfg = Debug|Any CPU
		{23F0FC21-2A75-4B7B-B523-F166C92DA741}.Debug|x86.Build.0 = Debug|Any CPU
		{23F0FC21-2A75-4B7B-B523-F166C92DA741}.Release|Any CPU.ActiveCfg = Release|Any CPU
		{23F0FC21-2A75-4B7B-B523-F166C92DA741}.Release|Any CPU.Build.0 = Release|Any CPU
		{23F0FC21-2A75-4B7B-B523-F166C92DA741}.Release|x64.ActiveCfg = Release|Any CPU
		{23F0FC21-2A75-4B7B-B523-F166C92DA741}.Release|x64.Build.0 = Release|Any CPU
		{23F0FC21-2A75-4B7B-B523-F166C92DA741}.Release|x86.ActiveCfg = Release|Any CPU
		{23F0FC21-2A75-4B7B-B523-F166C92DA741}.Release|x86.Build.0 = Release|Any CPU
		{0CEF8796-ABBE-4DD0-AC5B-AB75D5755D10}.Debug|Any CPU.ActiveCfg = Debug|Any CPU
		{0CEF8796-ABBE-4DD0-AC5B-AB75D5755D10}.Debug|Any CPU.Build.0 = Debug|Any CPU
		{0CEF8796-ABBE-4DD0-AC5B-AB75D5755D10}.Debug|x64.ActiveCfg = Debug|Any CPU
		{0CEF8796-ABBE-4DD0-AC5B-AB75D5755D10}.Debug|x64.Build.0 = Debug|Any CPU
		{0CEF8796-ABBE-4DD0-AC5B-AB75D5755D10}.Debug|x86.ActiveCfg = Debug|Any CPU
		{0CEF8796-ABBE-4DD0-AC5B-AB75D5755D10}.Debug|x86.Build.0 = Debug|Any CPU
		{0CEF8796-ABBE-4DD0-AC5B-AB75D5755D10}.Release|Any CPU.ActiveCfg = Release|Any CPU
		{0CEF8796-ABBE-4DD0-AC5B-AB75D5755D10}.Release|Any CPU.Build.0 = Release|Any CPU
		{0CEF8796-ABBE-4DD0-AC5B-AB75D5755D10}.Release|x64.ActiveCfg = Release|Any CPU
		{0CEF8796-ABBE-4DD0-AC5B-AB75D5755D10}.Release|x64.Build.0 = Release|Any CPU
		{0CEF8796-ABBE-4DD0-AC5B-AB75D5755D10}.Release|x86.ActiveCfg = Release|Any CPU
		{0CEF8796-ABBE-4DD0-AC5B-AB75D5755D10}.Release|x86.Build.0 = Release|Any CPU
		{5FE34120-2982-4DDB-91D2-C841FFF80B58}.Debug|Any CPU.ActiveCfg = Debug|Any CPU
		{5FE34120-2982-4DDB-91D2-C841FFF80B58}.Debug|Any CPU.Build.0 = Debug|Any CPU
		{5FE34120-2982-4DDB-91D2-C841FFF80B58}.Debug|x64.ActiveCfg = Debug|Any CPU
		{5FE34120-2982-4DDB-91D2-C841FFF80B58}.Debug|x64.Build.0 = Debug|Any CPU
		{5FE34120-2982-4DDB-91D2-C841FFF80B58}.Debug|x86.ActiveCfg = Debug|Any CPU
		{5FE34120-2982-4DDB-91D2-C841FFF80B58}.Debug|x86.Build.0 = Debug|Any CPU
		{5FE34120-2982-4DDB-91D2-C841FFF80B58}.Release|Any CPU.ActiveCfg = Release|Any CPU
		{5FE34120-2982-4DDB-91D2-C841FFF80B58}.Release|Any CPU.Build.0 = Release|Any CPU
		{5FE34120-2982-4DDB-91D2-C841FFF80B58}.Release|x64.ActiveCfg = Release|Any CPU
		{5FE34120-2982-4DDB-91D2-C841FFF80B58}.Release|x64.Build.0 = Release|Any CPU
		{5FE34120-2982-4DDB-91D2-C841FFF80B58}.Release|x86.ActiveCfg = Release|Any CPU
		{5FE34120-2982-4DDB-91D2-C841FFF80B58}.Release|x86.Build.0 = Release|Any CPU
		{F3319043-20F4-48E4-853C-CA9922AD6DEF}.Debug|Any CPU.ActiveCfg = Debug|Any CPU
		{F3319043-20F4-48E4-853C-CA9922AD6DEF}.Debug|Any CPU.Build.0 = Debug|Any CPU
		{F3319043-20F4-48E4-853C-CA9922AD6DEF}.Debug|x64.ActiveCfg = Debug|Any CPU
		{F3319043-20F4-48E4-853C-CA9922AD6DEF}.Debug|x64.Build.0 = Debug|Any CPU
		{F3319043-20F4-48E4-853C-CA9922AD6DEF}.Debug|x86.ActiveCfg = Debug|Any CPU
		{F3319043-20F4-48E4-853C-CA9922AD6DEF}.Debug|x86.Build.0 = Debug|Any CPU
		{F3319043-20F4-48E4-853C-CA9922AD6DEF}.Release|Any CPU.ActiveCfg = Release|Any CPU
		{F3319043-20F4-48E4-853C-CA9922AD6DEF}.Release|Any CPU.Build.0 = Release|Any CPU
		{F3319043-20F4-48E4-853C-CA9922AD6DEF}.Release|x64.ActiveCfg = Release|Any CPU
		{F3319043-20F4-48E4-853C-CA9922AD6DEF}.Release|x64.Build.0 = Release|Any CPU
		{F3319043-20F4-48E4-853C-CA9922AD6DEF}.Release|x86.ActiveCfg = Release|Any CPU
		{F3319043-20F4-48E4-853C-CA9922AD6DEF}.Release|x86.Build.0 = Release|Any CPU
		{B99CC73A-4D46-423B-8328-3DFBB7DF76EC}.Debug|Any CPU.ActiveCfg = Debug|Any CPU
		{B99CC73A-4D46-423B-8328-3DFBB7DF76EC}.Debug|Any CPU.Build.0 = Debug|Any CPU
		{B99CC73A-4D46-423B-8328-3DFBB7DF76EC}.Debug|x64.ActiveCfg = Debug|Any CPU
		{B99CC73A-4D46-423B-8328-3DFBB7DF76EC}.Debug|x64.Build.0 = Debug|Any CPU
		{B99CC73A-4D46-423B-8328-3DFBB7DF76EC}.Debug|x86.ActiveCfg = Debug|Any CPU
		{B99CC73A-4D46-423B-8328-3DFBB7DF76EC}.Debug|x86.Build.0 = Debug|Any CPU
		{B99CC73A-4D46-423B-8328-3DFBB7DF76EC}.Release|Any CPU.ActiveCfg = Release|Any CPU
		{B99CC73A-4D46-423B-8328-3DFBB7DF76EC}.Release|Any CPU.Build.0 = Release|Any CPU
		{B99CC73A-4D46-423B-8328-3DFBB7DF76EC}.Release|x64.ActiveCfg = Release|Any CPU
		{B99CC73A-4D46-423B-8328-3DFBB7DF76EC}.Release|x64.Build.0 = Release|Any CPU
		{B99CC73A-4D46-423B-8328-3DFBB7DF76EC}.Release|x86.ActiveCfg = Release|Any CPU
		{B99CC73A-4D46-423B-8328-3DFBB7DF76EC}.Release|x86.Build.0 = Release|Any CPU
	EndGlobalSection
	GlobalSection(SolutionProperties) = preSolution
		HideSolutionNode = FALSE
	EndGlobalSection
	GlobalSection(NestedProjects) = preSolution
		{F3778F7A-BC1E-4CEC-A0AC-8C154D8FF91B} = {827E0CD3-B72D-47B6-A68D-7590B98EB39B}
		{23F0FC21-2A75-4B7B-B523-F166C92DA741} = {827E0CD3-B72D-47B6-A68D-7590B98EB39B}
		{0CEF8796-ABBE-4DD0-AC5B-AB75D5755D10} = {827E0CD3-B72D-47B6-A68D-7590B98EB39B}
		{5FE34120-2982-4DDB-91D2-C841FFF80B58} = {827E0CD3-B72D-47B6-A68D-7590B98EB39B}
		{F3319043-20F4-48E4-853C-CA9922AD6DEF} = {827E0CD3-B72D-47B6-A68D-7590B98EB39B}
		{B99CC73A-4D46-423B-8328-3DFBB7DF76EC} = {827E0CD3-B72D-47B6-A68D-7590B98EB39B}
	EndGlobalSection
EndGlobal
